# @generated - this file is auto-generated by `mise lock` https://mise.jdx.dev/dev-tools/mise-lock.html

[[tools.fd]]
version = "10.4.2"
backend = "aqua:sharkdp/fd"

[tools.fd."platforms.linux-arm64"]
checksum = "sha256:f32d3657473fba74e2600babc8db0b93420d51169223b7e8143b2ed55d8fd9e8"
url = "https://github.com/sharkdp/fd/releases/download/v10.4.2/fd-v10.4.2-aarch64-unknown-linux-musl.tar.gz"

[tools.fd."platforms.linux-arm64-musl"]
checksum = "sha256:f32d3657473fba74e2600babc8db0b93420d51169223b7e8143b2ed55d8fd9e8"
url = "https://github.com/sharkdp/fd/releases/download/v10.4.2/fd-v10.4.2-aarch64-unknown-linux-musl.tar.gz"

[tools.fd."platforms.linux-x64"]
checksum = "sha256:e3257d48e29a6be965187dbd24ce9af564e0fe67b3e73c9bdcd180f4ec11bdde"
url = "https://github.com/sharkdp/fd/releases/download/v10.4.2/fd-v10.4.2-x86_64-unknown-linux-musl.tar.gz"

[tools.fd."platforms.linux-x64-musl"]
checksum = "sha256:e3257d48e29a6be965187dbd24ce9af564e0fe67b3e73c9bdcd180f4ec11bdde"
url = "https://github.com/sharkdp/fd/releases/download/v10.4.2/fd-v10.4.2-x86_64-unknown-linux-musl.tar.gz"

[tools.fd."platforms.macos-arm64"]
checksum = "sha256:623dc0afc81b92e4d4606b380d7bc91916ba7b97814263e554d50923a39e480a"
url = "https://github.com/sharkdp/fd/releases/download/v10.4.2/fd-v10.4.2-aarch64-apple-darwin.tar.gz"

[tools.fd."platforms.windows-x64"]
checksum = "sha256:b2816e506390a89941c63c9187d58a3cc10e9a55f2ef0685f9ea0eccaf7c98c8"
url = "https://github.com/sharkdp/fd/releases/download/v10.4.2/fd-v10.4.2-x86_64-pc-windows-msvc.zip"

[[tools."github:gitleaks/gitleaks"]]
version = "8.30.1"
backend = "github:gitleaks/gitleaks"

[tools."github:gitleaks/gitleaks"."platforms.linux-arm64"]
checksum = "sha256:e4a487ee7ccd7d3a7f7ec08657610aa3606637dab924210b3aee62570fb4b080"
url = "https://github.com/gitleaks/gitleaks/releases/download/v8.30.1/gitleaks_8.30.1_linux_arm64.tar.gz"
url_api = "https://api.github.com/repos/gitleaks/gitleaks/releases/assets/378332057"

[tools."github:gitleaks/gitleaks"."platforms.linux-arm64-musl"]
checksum = "sha256:e4a487ee7ccd7d3a7f7ec08657610aa3606637dab924210b3aee62570fb4b080"
url = "https://github.com/gitleaks/gitleaks/releases/download/v8.30.1/gitleaks_8.30.1_linux_arm64.tar.gz"
url_api = "https://api.github.com/repos/gitleaks/gitleaks/releases/assets/378332057"

[tools."github:gitleaks/gitleaks"."platforms.linux-x64"]
checksum = "sha256:551f6fc83ea457d62a0d98237cbad105af8d557003051f41f3e7ca7b3f2470eb"
url = "https://github.com/gitleaks/gitleaks/releases/download/v8.30.1/gitleaks_8.30.1_linux_x64.tar.gz"
url_api = "https://api.github.com/repos/gitleaks/gitleaks/releases/assets/378332058"

[tools."github:gitleaks/gitleaks"."platforms.linux-x64-musl"]
checksum = "sha256:551f6fc83ea457d62a0d98237cbad105af8d557003051f41f3e7ca7b3f2470eb"
url = "https://github.com/gitleaks/gitleaks/releases/download/v8.30.1/gitleaks_8.30.1_linux_x64.tar.gz"
url_api = "https://api.github.com/repos/gitleaks/gitleaks/releases/assets/378332058"

[tools."github:gitleaks/gitleaks"."platforms.macos-arm64"]
checksum = "sha256:b40ab0ae55c505963e365f271a8d3846efbc170aa17f2607f13df610a9aeb6a5"
url = "https://github.com/gitleaks/gitleaks/releases/download/v8.30.1/gitleaks_8.30.1_darwin_arm64.tar.gz"
url_api = "https://api.github.com/repos/gitleaks/gitleaks/releases/assets/378332059"

[tools."github:gitleaks/gitleaks"."platforms.macos-x64"]
checksum = "sha256:dfe101a4db2255fc85120ac7f3d25e4342c3c20cf749f2c20a18081af1952709"
url = "https://github.com/gitleaks/gitleaks/releases/download/v8.30.1/gitleaks_8.30.1_darwin_x64.tar.gz"
url_api = "https://api.github.com/repos/gitleaks/gitleaks/releases/assets/378332053"

[tools."github:gitleaks/gitleaks"."platforms.windows-x64"]
checksum = "sha256:d29144deff3a68aa93ced33dddf84b7fdc26070add4aa0f4513094c8332afc4e"
url = "https://github.com/gitleaks/gitleaks/releases/download/v8.30.1/gitleaks_8.30.1_windows_x64.zip"
url_api = "https://api.github.com/repos/gitleaks/gitleaks/releases/assets/378333178"

[[tools."github:peterldowns/localias"]]
version = "3.0.0+commit.5d74685"
backend = "github:peterldowns/localias"

[tools."github:peterldowns/localias"."platforms.linux-arm64"]
checksum = "sha256:9dc69245b8ec8ed7e7b98b8a1019b03ff3ba74afddb4d769d4e604a66eab094d"
url = "https://github.com/peterldowns/localias/releases/download/v3.0.0%2Bcommit.5d74685/localias-linux-arm64"
url_api = "https://api.github.com/repos/peterldowns/localias/releases/assets/277499122"

[tools."github:peterldowns/localias"."platforms.linux-arm64-musl"]
checksum = "sha256:9dc69245b8ec8ed7e7b98b8a1019b03ff3ba74afddb4d769d4e604a66eab094d"
url = "https://github.com/peterldowns/localias/releases/download/v3.0.0%2Bcommit.5d74685/localias-linux-arm64"
url_api = "https://api.github.com/repos/peterldowns/localias/releases/assets/277499122"

[tools."github:peterldowns/localias"."platforms.linux-x64"]
checksum = "sha256:7155f30f1f00d591cdb30428ef2969d690c2dc748ba44d7e70a1a53ae00e4bb2"
url = "https://github.com/peterldowns/localias/releases/download/v3.0.0%2Bcommit.5d74685/localias-linux-amd64"
url_api = "https://api.github.com/repos/peterldowns/localias/releases/assets/277499181"

[tools."github:peterldowns/localias"."platforms.linux-x64-musl"]
checksum = "sha256:7155f30f1f00d591cdb30428ef2969d690c2dc748ba44d7e70a1a53ae00e4bb2"
url = "https://github.com/peterldowns/localias/releases/download/v3.0.0%2Bcommit.5d74685/localias-linux-amd64"
url_api = "https://api.github.com/repos/peterldowns/localias/releases/assets/277499181"

[tools."github:peterldowns/localias"."platforms.macos-arm64"]
checksum = "sha256:63d14ed513023fca8d16049f9fb45a9dea75616af986fa0d0d7c245d10926ed3"
url = "https://github.com/peterldowns/localias/releases/download/v3.0.0%2Bcommit.5d74685/localias-darwin-arm64"
url_api = "https://api.github.com/repos/peterldowns/localias/releases/assets/277499108"

[tools."github:peterldowns/localias"."platforms.macos-x64"]
checksum = "sha256:3663f724c752bca5deb2d31798c7e33f94a4027e8aca10c25a56312353d573f2"
url = "https://github.com/peterldowns/localias/releases/download/v3.0.0%2Bcommit.5d74685/localias-darwin-amd64"
url_api = "https://api.github.com/repos/peterldowns/localias/releases/assets/277499098"

[[tools.jq]]
version = "1.8.1"
backend = "aqua:jqlang/jq"

[tools.jq."platforms.linux-arm64"]
checksum = "sha256:6bc62f25981328edd3cfcfe6fe51b073f2d7e7710d7ef7fcdac28d4e384fc3d4"
url = "https://github.com/jqlang/jq/releases/download/jq-1.8.1/jq-linux-arm64"

[tools.jq."platforms.linux-arm64-musl"]
checksum = "sha256:6bc62f25981328edd3cfcfe6fe51b073f2d7e7710d7ef7fcdac28d4e384fc3d4"
url = "https://github.com/jqlang/jq/releases/download/jq-1.8.1/jq-linux-arm64"

[tools.jq."platforms.linux-x64"]
checksum = "sha256:020468de7539ce70ef1bceaf7cde2e8c4f2ca6c3afb84642aabc5c97d9fc2a0d"
url = "https://github.com/jqlang/jq/releases/download/jq-1.8.1/jq-linux-amd64"

[tools.jq."platforms.linux-x64-musl"]
checksum = "sha256:020468de7539ce70ef1bceaf7cde2e8c4f2ca6c3afb84642aabc5c97d9fc2a0d"
url = "https://github.com/jqlang/jq/releases/download/jq-1.8.1/jq-linux-amd64"

[tools.jq."platforms.macos-arm64"]
checksum = "sha256:a9fe3ea2f86dfc72f6728417521ec9067b343277152b114f4e98d8cb0e263603"
url = "https://github.com/jqlang/jq/releases/download/jq-1.8.1/jq-macos-arm64"

[tools.jq."platforms.macos-x64"]
checksum = "sha256:e80dbe0d2a2597e3c11c404f03337b981d74b4a8504b70586c354b7697a7c27f"
url = "https://github.com/jqlang/jq/releases/download/jq-1.8.1/jq-macos-amd64"

[tools.jq."platforms.windows-x64"]
checksum = "sha256:23cb60a1354eed6bcc8d9b9735e8c7b388cd1fdcb75726b93bc299ef22dd9334"
url = "https://github.com/jqlang/jq/releases/download/jq-1.8.1/jq-windows-amd64.exe"

[[tools.mprocs]]
version = "0.9.2"
backend = "aqua:pvolok/mprocs"

[tools.mprocs."platforms.linux-arm64"]
checksum = "sha256:6f99a6b9c43005da4d85f8180f8f0e24a01558ec43ad83a568d13f5d5287451a"
url = "https://github.com/pvolok/mprocs/releases/download/v0.9.2/mprocs-0.9.2-linux-aarch64-musl.tar.gz"

[tools.mprocs."platforms.linux-arm64-musl"]
checksum = "sha256:6f99a6b9c43005da4d85f8180f8f0e24a01558ec43ad83a568d13f5d5287451a"
url = "https://github.com/pvolok/mprocs/releases/download/v0.9.2/mprocs-0.9.2-linux-aarch64-musl.tar.gz"

[tools.mprocs."platforms.linux-x64"]
checksum = "sha256:3d8ded4213813211d210bb26b306812d935a3631439569e4fabd0015792f622b"
url = "https://github.com/pvolok/mprocs/releases/download/v0.9.2/mprocs-0.9.2-linux-x86_64-musl.tar.gz"

[tools.mprocs."platforms.linux-x64-musl"]
checksum = "sha256:3d8ded4213813211d210bb26b306812d935a3631439569e4fabd0015792f622b"
url = "https://github.com/pvolok/mprocs/releases/download/v0.9.2/mprocs-0.9.2-linux-x86_64-musl.tar.gz"

[tools.mprocs."platforms.macos-arm64"]
checksum = "sha256:da01dc3bdbf7b5be79d8229a8d7b4319cf72949d4c177bc1c0c1e4f626578681"
url = "https://github.com/pvolok/mprocs/releases/download/v0.9.2/mprocs-0.9.2-darwin-aarch64.tar.gz"

[tools.mprocs."platforms.macos-x64"]
checksum = "sha256:8a34b54a324662e2703ce57e40e0303d7175c668860f8a88150802cebe6581a8"
url = "https://github.com/pvolok/mprocs/releases/download/v0.9.2/mprocs-0.9.2-darwin-x86_64.tar.gz"

[tools.mprocs."platforms.windows-x64"]
checksum = "sha256:7fbbe8d9633ae5e8da8032fb733ba36c2f7ab337a4f001913cb26d020bdac03f"
url = "https://github.com/pvolok/mprocs/releases/download/v0.9.2/mprocs-0.9.2-windows-x86_64.zip"

[[tools.watchexec]]
version = "2.5.0"
backend = "aqua:watchexec/watchexec"

[tools.watchexec."platforms.linux-arm64"]
checksum = "sha256:5b01f78483eb506c111a035ec3187b7ef37de3158702c50c4f85390e97d02487"
url = "https://github.com/watchexec/watchexec/releases/download/v2.5.0/watchexec-2.5.0-aarch64-unknown-linux-gnu.tar.xz"

[tools.watchexec."platforms.linux-arm64-musl"]
checksum = "sha256:5b01f78483eb506c111a035ec3187b7ef37de3158702c50c4f85390e97d02487"
url = "https://github.com/watchexec/watchexec/releases/download/v2.5.0/watchexec-2.5.0-aarch64-unknown-linux-gnu.tar.xz"

[tools.watchexec."platforms.linux-x64"]
checksum = "sha256:e8015bffea46d9de5cc7ff061afa2d27593e1a1914b406343ef47bb65f5f0634"
url = "https://github.com/watchexec/watchexec/releases/download/v2.5.0/watchexec-2.5.0-x86_64-unknown-linux-musl.tar.xz"

[tools.watchexec."platforms.linux-x64-musl"]
checksum = "sha256:e8015bffea46d9de5cc7ff061afa2d27593e1a1914b406343ef47bb65f5f0634"
url = "https://github.com/watchexec/watchexec/releases/download/v2.5.0/watchexec-2.5.0-x86_64-unknown-linux-musl.tar.xz"

[tools.watchexec."platforms.macos-arm64"]
checksum = "sha256:dd77ea998468c128b70c9c8a0e6a59221c9a674151a8d683b1e30055d0eeb1d2"
url = "https://github.com/watchexec/watchexec/releases/download/v2.5.0/watchexec-2.5.0-aarch64-apple-darwin.tar.xz"

[tools.watchexec."platforms.macos-x64"]
checksum = "sha256:a494a488f51359d6bd873ee6df6dcc190c4ce1f693a8688064fbf3a26ffe3579"
url = "https://github.com/watchexec/watchexec/releases/download/v2.5.0/watchexec-2.5.0-x86_64-apple-darwin.tar.xz"

[tools.watchexec."platforms.windows-x64"]
checksum = "sha256:ecfc8457d30f0ebe5fdc6f67fed87e9114eee551310ebb66449629a5994f843c"
url = "https://github.com/watchexec/watchexec/releases/download/v2.5.0/watchexec-2.5.0-x86_64-pc-windows-msvc.zip"

[[tools.yq]]
version = "4.52.5"
backend = "aqua:mikefarah/yq"

[tools.yq."platforms.macos-arm64"]
checksum = "sha256:45a12e64d4bd8a31c72ee1b889e81f1b1110e801baad3d6f030c111db0068de0"
url = "https://github.com/mikefarah/yq/releases/download/v4.52.5/yq_darwin_arm64"
