# @generated - this file is auto-generated by `mise lock` https://mise.jdx.dev/dev-tools/mise-lock.html

lockfile_version = 2

[[tools.1password-cli]]
version = "2.39.0"
backend = "vfox:1password-cli"
specifiers = ["latest"]

[tools.1password-cli."platforms.linux-arm64"]
url = "https://cache.agilebits.com/dist/1P/op2/pkg/v2.39.0/op_linux_arm64_v2.39.0.zip"

[tools.1password-cli."platforms.linux-arm64-musl"]
url = "https://cache.agilebits.com/dist/1P/op2/pkg/v2.39.0/op_linux_arm64_v2.39.0.zip"

[tools.1password-cli."platforms.linux-x64"]
url = "https://cache.agilebits.com/dist/1P/op2/pkg/v2.39.0/op_linux_amd64_v2.39.0.zip"

[tools.1password-cli."platforms.linux-x64-musl"]
url = "https://cache.agilebits.com/dist/1P/op2/pkg/v2.39.0/op_linux_amd64_v2.39.0.zip"

[tools.1password-cli."platforms.macos-arm64"]
url = "https://cache.agilebits.com/dist/1P/op2/pkg/v2.39.0/op_darwin_arm64_v2.39.0.zip"

[tools.1password-cli."platforms.macos-x64"]
url = "https://cache.agilebits.com/dist/1P/op2/pkg/v2.39.0/op_darwin_amd64_v2.39.0.zip"

[tools.1password-cli."platforms.windows-x64"]
url = "https://cache.agilebits.com/dist/1P/op2/pkg/v2.39.0/op_windows_amd64_v2.39.0.zip"

[[tools."cargo:commitlint-rs"]]
version = "0.2.4"
backend = "cargo:commitlint-rs"
specifiers = ["latest"]

[[tools."cargo:fastmod"]]
version = "0.4.4"
backend = "cargo:fastmod"
specifiers = ["latest"]

[[tools.dive]]
version = "0.13.1"
backend = "aqua:wagoodman/dive"
specifiers = ["latest"]

[tools.dive."platforms.linux-arm64"]
checksum = "sha256:2fcd2cf20f634ccdb41efac44048b204bfc867c115641f37a7420693ed480a18"
url = "https://github.com/wagoodman/dive/releases/download/v0.13.1/dive_0.13.1_linux_arm64.tar.gz"
url_api = "https://api.github.com/repos/wagoodman/dive/releases/assets/241842459"

[tools.dive."platforms.linux-arm64-musl"]
checksum = "sha256:2fcd2cf20f634ccdb41efac44048b204bfc867c115641f37a7420693ed480a18"
url = "https://github.com/wagoodman/dive/releases/download/v0.13.1/dive_0.13.1_linux_arm64.tar.gz"
url_api = "https://api.github.com/repos/wagoodman/dive/releases/assets/241842459"

[tools.dive."platforms.linux-x64"]
checksum = "sha256:0970549eb4a306f8825a84145a2534153badb4d7dcf3febd1967c706367c3d0e"
url = "https://github.com/wagoodman/dive/releases/download/v0.13.1/dive_0.13.1_linux_amd64.tar.gz"
url_api = "https://api.github.com/repos/wagoodman/dive/releases/assets/241842462"

[tools.dive."platforms.linux-x64-musl"]
checksum = "sha256:0970549eb4a306f8825a84145a2534153badb4d7dcf3febd1967c706367c3d0e"
url = "https://github.com/wagoodman/dive/releases/download/v0.13.1/dive_0.13.1_linux_amd64.tar.gz"
url_api = "https://api.github.com/repos/wagoodman/dive/releases/assets/241842462"

[tools.dive."platforms.macos-arm64"]
checksum = "sha256:38b7fa95a13e7f4d0b3060c875fe7427c2a0613ecff674bb45156eb34bca0b09"
url = "https://github.com/wagoodman/dive/releases/download/v0.13.1/dive_0.13.1_darwin_arm64.tar.gz"
url_api = "https://api.github.com/repos/wagoodman/dive/releases/assets/241842465"

[tools.dive."platforms.macos-x64"]
checksum = "sha256:04e4c1bac21be3aef99799cf0e470149a072ea4786be50718aa846cd13746523"
url = "https://github.com/wagoodman/dive/releases/download/v0.13.1/dive_0.13.1_darwin_amd64.tar.gz"
url_api = "https://api.github.com/repos/wagoodman/dive/releases/assets/241842456"

[tools.dive."platforms.windows-x64"]
checksum = "sha256:3e764ff28c7b89f4da679deac80483249fbbae3a1d512c103d54609eec09086a"
url = "https://github.com/wagoodman/dive/releases/download/v0.13.1/dive_0.13.1_windows_amd64.zip"
url_api = "https://api.github.com/repos/wagoodman/dive/releases/assets/241842460"

[[tools."github:terror/just-lsp"]]
version = "0.7.1"
backend = "github:terror/just-lsp"
specifiers = ["latest"]

[tools."github:terror/just-lsp"."platforms.linux-arm64"]
checksum = "sha256:a56b0e86bd507b0b8969ad212e90dd78b0dd5ad9fb396317424dafaaecac18c6"
url = "https://github.com/terror/just-lsp/releases/download/0.7.1/just-lsp-0.7.1-aarch64-unknown-linux-gnu.tar.gz"
url_api = "https://api.github.com/repos/terror/just-lsp/releases/assets/542941951"

[tools."github:terror/just-lsp"."platforms.linux-arm64-musl"]
checksum = "sha256:058eb51e700d908aacbad96d7f229ec4a0a8c0d4e042a3e1807e06fd4065d93b"
url = "https://github.com/terror/just-lsp/releases/download/0.7.1/just-lsp-0.7.1-aarch64-unknown-linux-musl.tar.gz"
url_api = "https://api.github.com/repos/terror/just-lsp/releases/assets/542942486"

[tools."github:terror/just-lsp"."platforms.linux-x64"]
checksum = "sha256:97b852d22da826dc4ac2b2a5715397865d643bafbe00b4bb474127d4432bc462"
url = "https://github.com/terror/just-lsp/releases/download/0.7.1/just-lsp-0.7.1-x86_64-unknown-linux-gnu.tar.gz"
url_api = "https://api.github.com/repos/terror/just-lsp/releases/assets/542941402"

[tools."github:terror/just-lsp"."platforms.linux-x64-musl"]
checksum = "sha256:11b96b40bb055466f0a03bf0b8de4e47b397b91486e362e31020a96912432dcd"
url = "https://github.com/terror/just-lsp/releases/download/0.7.1/just-lsp-0.7.1-x86_64-unknown-linux-musl.tar.gz"
url_api = "https://api.github.com/repos/terror/just-lsp/releases/assets/542941598"

[tools."github:terror/just-lsp"."platforms.macos-arm64"]
checksum = "sha256:c84da4039ef497868b7e9866b9fa9d1b0a2c936587c340522b62b7d8583d62ef"
url = "https://github.com/terror/just-lsp/releases/download/0.7.1/just-lsp-0.7.1-aarch64-apple-darwin.tar.gz"
url_api = "https://api.github.com/repos/terror/just-lsp/releases/assets/542942042"

[tools."github:terror/just-lsp"."platforms.macos-x64"]
checksum = "sha256:ce6b21015704c9cadfa8eb39421093a2ae370fc668c927aa096ede01639fc280"
url = "https://github.com/terror/just-lsp/releases/download/0.7.1/just-lsp-0.7.1-x86_64-apple-darwin.tar.gz"
url_api = "https://api.github.com/repos/terror/just-lsp/releases/assets/542942818"

[tools."github:terror/just-lsp"."platforms.windows-x64"]
checksum = "sha256:94bba0d4ff3adae93a10df9e6d83847a66f55489e1e75f1649921412131bdbcb"
url = "https://github.com/terror/just-lsp/releases/download/0.7.1/just-lsp-0.7.1-x86_64-pc-windows-msvc.zip"
url_api = "https://api.github.com/repos/terror/just-lsp/releases/assets/542943449"

[[tools.lefthook]]
version = "2.1.12"
backend = "aqua:evilmartians/lefthook"
specifiers = ["latest"]

[tools.lefthook."platforms.linux-arm64"]
checksum = "sha256:d96ac16753f6d3d69b92098621c2a2427522a9c2c3e78cd7c9b4a9790b0b8f17"
url = "https://github.com/evilmartians/lefthook/releases/download/v2.1.12/lefthook_2.1.12_Linux_aarch64.gz"
url_api = "https://api.github.com/repos/evilmartians/lefthook/releases/assets/533627819"
provenance = "github-attestations"

[tools.lefthook."platforms.linux-arm64-musl"]
checksum = "sha256:d96ac16753f6d3d69b92098621c2a2427522a9c2c3e78cd7c9b4a9790b0b8f17"
url = "https://github.com/evilmartians/lefthook/releases/download/v2.1.12/lefthook_2.1.12_Linux_aarch64.gz"
url_api = "https://api.github.com/repos/evilmartians/lefthook/releases/assets/533627819"
provenance = "github-attestations"

[tools.lefthook."platforms.linux-x64"]
checksum = "sha256:dad908593c859d139b886c14913a44401d95288aa7642d9bdf6f3bd36bd788ff"
url = "https://github.com/evilmartians/lefthook/releases/download/v2.1.12/lefthook_2.1.12_Linux_x86_64.gz"
url_api = "https://api.github.com/repos/evilmartians/lefthook/releases/assets/533627780"
provenance = "github-attestations"

[tools.lefthook."platforms.linux-x64-musl"]
checksum = "sha256:dad908593c859d139b886c14913a44401d95288aa7642d9bdf6f3bd36bd788ff"
url = "https://github.com/evilmartians/lefthook/releases/download/v2.1.12/lefthook_2.1.12_Linux_x86_64.gz"
url_api = "https://api.github.com/repos/evilmartians/lefthook/releases/assets/533627780"
provenance = "github-attestations"

[tools.lefthook."platforms.macos-arm64"]
checksum = "sha256:f23eac328ca50c7b775dc24dc275cdeacb65e16cf8bd1745d18e3c563f704f94"
url = "https://github.com/evilmartians/lefthook/releases/download/v2.1.12/lefthook_2.1.12_MacOS_arm64.gz"
url_api = "https://api.github.com/repos/evilmartians/lefthook/releases/assets/533627758"
provenance = "github-attestations"

[tools.lefthook."platforms.macos-x64"]
checksum = "sha256:83c8591d338b1b789944480d9effe2807adc903cf27e4a16ab013e39d7723c31"
url = "https://github.com/evilmartians/lefthook/releases/download/v2.1.12/lefthook_2.1.12_MacOS_x86_64.gz"
url_api = "https://api.github.com/repos/evilmartians/lefthook/releases/assets/533627775"
provenance = "github-attestations"

[tools.lefthook."platforms.windows-x64"]
checksum = "sha256:c642d9ad8818faff1379e1b72321b4baddd0d6f20ffd7303f59386bb6abfd6e9"
url = "https://github.com/evilmartians/lefthook/releases/download/v2.1.12/lefthook_2.1.12_Windows_x86_64.gz"
url_api = "https://api.github.com/repos/evilmartians/lefthook/releases/assets/533627801"
provenance = "github-attestations"

[[tools."pipx:aiautocommit"]]
version = "0.26.0"
backend = "pipx:aiautocommit"
specifiers = ["latest"]
uv = { path = "mise/locks/mise.extras/pipx-aiautocommit/0.26.0", digest = "sha256:a718912140133013d9f28a429d0cc6d03cfe1db1f1b96dcbbbfa6ed9a2673f48" }

[[tools."pipx:jc"]]
version = "1.25.7"
backend = "pipx:jc"
specifiers = ["latest"]
uv = { path = "mise/locks/mise.extras/pipx-jc/1.25.7", digest = "sha256:f3a96d3e04da809746dc1dc635b859b4b0469bae8154f9f785272d5faca52324" }

[[tools."pipx:llm-ide-rules"]]
version = "0.14.0"
backend = "pipx:llm-ide-rules"
specifiers = ["latest"]
uv = { path = "mise/locks/mise.extras/pipx-llm-ide-rules/0.14.0", digest = "sha256:289f7ded8a7310bac30e295fb6b0662b53ca7fc96750fd7ca4309355dd57438a" }

[[tools."pipx:uv-development-toggle"]]
version = "0.7.0"
backend = "pipx:uv-development-toggle"
specifiers = ["latest"]
uv = { path = "mise/locks/mise.extras/pipx-uv-development-toggle/0.7.0", digest = "sha256:6639e55d1d153f7911ff813de66546d503ef7f06549141dcadb5b2aaa6421d2d" }
