# @generated - this file is auto-generated by `mise lock` https://mise.en.dev/dev-tools/mise-lock.html

[[tools.node]]
version = "24.15.0"
backend = "core:node"

[tools.node."platforms.linux-arm64"]
checksum = "sha256:73afc234d558c24919875f51c2d1ea002a2ada4ea6f83601a383869fefa64eed"
url = "https://nodejs.org/dist/v24.15.0/node-v24.15.0-linux-arm64.tar.gz"

[tools.node."platforms.linux-arm64-musl"]
checksum = "sha256:31e98aa960a067da91edffd5d93bc46657b5d2a8029612c359f5f2ac0060152a"
url = "https://unofficial-builds.nodejs.org/download/release/v24.15.0/node-v24.15.0-linux-arm64-musl.tar.gz"

[tools.node."platforms.linux-x64"]
checksum = "sha256:44836872d9aec49f1e6b52a9a922872db9a2b02d235a616a5681b6a85fec8d89"
url = "https://nodejs.org/dist/v24.15.0/node-v24.15.0-linux-x64.tar.gz"

[tools.node."platforms.linux-x64-musl"]
checksum = "sha256:f55af5bd489c5347b113ca6594cae00a54b30ba57ac5875324311bfc6f4762e3"
url = "https://unofficial-builds.nodejs.org/download/release/v24.15.0/node-v24.15.0-linux-x64-musl.tar.gz"

[tools.node."platforms.macos-arm64"]
checksum = "sha256:372331b969779ab5d15b949884fc6eaf88d5afe87bde8ba881d6400b9100ffc4"
url = "https://nodejs.org/dist/v24.15.0/node-v24.15.0-darwin-arm64.tar.gz"

[tools.node."platforms.macos-x64"]
checksum = "sha256:ffd5ee293467927f3ee731a553eb88fd1f48cf74eebc2d74a6babe4af228673b"
url = "https://nodejs.org/dist/v24.15.0/node-v24.15.0-darwin-x64.tar.gz"

[tools.node."platforms.windows-x64"]
checksum = "sha256:cc5149eabd53779ce1e7bdc5401643622d0c7e6800ade18928a767e940bb0e62"
url = "https://nodejs.org/dist/v24.15.0/node-v24.15.0-win-x64.zip"

[[tools.pnpm]]
version = "11.1.0"
backend = "aqua:pnpm/pnpm"

[tools.pnpm."platforms.linux-arm64"]
checksum = "sha256:bd1e1fbe6a850994f3e02a71b7ac928fc5544f3414cd880bd0e8f49e721a447e"
url = "https://github.com/pnpm/pnpm/releases/download/v11.1.0/pnpm-linux-arm64.tar.gz"
provenance = "github-attestations"

[tools.pnpm."platforms.linux-arm64-musl"]
checksum = "sha256:971f8b4c364b0e9b5173696a2eff5f284deb12f973702930c7316e71b418d37b"
url = "https://github.com/pnpm/pnpm/releases/download/v11.1.0/pnpm-linux-arm64-musl.tar.gz"
provenance = "github-attestations"

[tools.pnpm."platforms.linux-x64"]
checksum = "sha256:f8da71d8f9440b31d3a62edb2d910e7c4148b32767d8f203a514db82ea7dbe5f"
url = "https://github.com/pnpm/pnpm/releases/download/v11.1.0/pnpm-linux-x64.tar.gz"
provenance = "github-attestations"

[tools.pnpm."platforms.linux-x64-musl"]
checksum = "sha256:75c11bfc33de1d6eed6e4a493d73536fa6fb53c60fcb616d751998a82883aab2"
url = "https://github.com/pnpm/pnpm/releases/download/v11.1.0/pnpm-linux-x64-musl.tar.gz"
provenance = "github-attestations"

[tools.pnpm."platforms.macos-arm64"]
checksum = "sha256:b903516ec352ce699f5db0fe3a9180762e4eeb07f99883288850bf542e8812df"
url = "https://github.com/pnpm/pnpm/releases/download/v11.1.0/pnpm-darwin-arm64.tar.gz"
provenance = "github-attestations"

[tools.pnpm."platforms.windows-x64"]
checksum = "sha256:0e21b395e7a8cf064be1058d29714a6756bbb464e51264aba0cbdc23c8419fec"
url = "https://github.com/pnpm/pnpm/releases/download/v11.1.0/pnpm-win32-x64.zip"
provenance = "github-attestations"

[[tools.python]]
version = "3.14.5"
backend = "core:python"

[tools.python."platforms.linux-arm64"]
checksum = "sha256:bea1aa66159eaf97ade1225e40b7060d709154da961aa37792bb8066d8f6af49"
url = "https://github.com/astral-sh/python-build-standalone/releases/download/20260510/cpython-3.14.5+20260510-aarch64-unknown-linux-gnu-install_only_stripped.tar.gz"
provenance = "github-attestations"

[tools.python."platforms.linux-arm64-musl"]
checksum = "sha256:011e29568c2a6ed64938fba0793ca6225c99bc4d804143a26875b5f9ee3fc7fa"
url = "https://github.com/astral-sh/python-build-standalone/releases/download/20260510/cpython-3.14.5+20260510-aarch64-unknown-linux-musl-install_only_stripped.tar.gz"
provenance = "github-attestations"

[tools.python."platforms.linux-x64"]
checksum = "sha256:dc10977b0db3bef1ee2275107fde6fe9c148135b556fa352e83c6baa67d17ed6"
url = "https://github.com/astral-sh/python-build-standalone/releases/download/20260510/cpython-3.14.5+20260510-x86_64-unknown-linux-gnu-install_only_stripped.tar.gz"
provenance = "github-attestations"

[tools.python."platforms.linux-x64-musl"]
checksum = "sha256:6bc02ce4575e5d5379f4533f3d3f77acfdfd5ccd9c4edf790fcdd84578a1df01"
url = "https://github.com/astral-sh/python-build-standalone/releases/download/20260510/cpython-3.14.5+20260510-x86_64-unknown-linux-musl-install_only_stripped.tar.gz"
provenance = "github-attestations"

[tools.python."platforms.macos-arm64"]
checksum = "sha256:1bb0b3d45448dfe7e916dc62144cfd7d7a611dc6ccf05b8bb71662cc5c2a1ad2"
url = "https://github.com/astral-sh/python-build-standalone/releases/download/20260510/cpython-3.14.5+20260510-aarch64-apple-darwin-install_only_stripped.tar.gz"
provenance = "github-attestations"

[tools.python."platforms.macos-x64"]
checksum = "sha256:38662e526797db4e90b3381706b96821979fece0b536ac14b5c4e1a97e0590d5"
url = "https://github.com/astral-sh/python-build-standalone/releases/download/20260510/cpython-3.14.5+20260510-x86_64-apple-darwin-install_only_stripped.tar.gz"
provenance = "github-attestations"

[tools.python."platforms.windows-x64"]
checksum = "sha256:4d26ade49e9571ccb3bd1a88cfc72c52b11a9a9f6e204a57f38592aed137566a"
url = "https://github.com/astral-sh/python-build-standalone/releases/download/20260510/cpython-3.14.5+20260510-x86_64-pc-windows-msvc-install_only_stripped.tar.gz"
provenance = "github-attestations"

[[tools.uv]]
version = "0.11.13"
backend = "asdf:uv"
