# @generated - this file is auto-generated by `mise lock` https://mise.jdx.dev/dev-tools/mise-lock.html

[[tools.1password-cli]]
version = "2.33.1"
backend = "vfox:1password-cli"

[tools.1password-cli."platforms.linux-arm64"]
url = "https://cache.agilebits.com/dist/1P/op2/pkg/v2.33.1/op_linux_arm64_v2.33.1.zip"

[tools.1password-cli."platforms.linux-arm64-musl"]
url = "https://cache.agilebits.com/dist/1P/op2/pkg/v2.33.1/op_linux_arm64_v2.33.1.zip"

[tools.1password-cli."platforms.linux-x64"]
url = "https://cache.agilebits.com/dist/1P/op2/pkg/v2.33.1/op_linux_amd64_v2.33.1.zip"

[tools.1password-cli."platforms.linux-x64-musl"]
url = "https://cache.agilebits.com/dist/1P/op2/pkg/v2.33.1/op_linux_amd64_v2.33.1.zip"

[tools.1password-cli."platforms.macos-arm64"]
url = "https://cache.agilebits.com/dist/1P/op2/pkg/v2.33.1/op_darwin_arm64_v2.33.1.zip"

[tools.1password-cli."platforms.macos-x64"]
url = "https://cache.agilebits.com/dist/1P/op2/pkg/v2.33.1/op_darwin_amd64_v2.33.1.zip"

[tools.1password-cli."platforms.windows-x64"]
url = "https://cache.agilebits.com/dist/1P/op2/pkg/v2.33.1/op_windows_amd64_v2.33.1.zip"

[[tools."cargo:ast-grep"]]
version = "0.42.1"
backend = "cargo:ast-grep"

[[tools."cargo:commitlint-rs"]]
version = "0.2.4"
backend = "cargo:commitlint-rs"

[[tools."cargo:fastmod"]]
version = "0.4.4"
backend = "cargo:fastmod"

[[tools."cargo:just-lsp"]]
version = "0.4.1"
backend = "cargo:just-lsp"

[[tools."cargo:just-lsp"]]
version = "0.4.2"
backend = "cargo:just-lsp"

[[tools.dive]]
version = "0.13.1"
backend = "aqua:wagoodman/dive"

[tools.dive."platforms.linux-arm64"]
checksum = "sha256:2fcd2cf20f634ccdb41efac44048b204bfc867c115641f37a7420693ed480a18"
url = "https://github.com/wagoodman/dive/releases/download/v0.13.1/dive_0.13.1_linux_arm64.tar.gz"

[tools.dive."platforms.linux-arm64-musl"]
checksum = "sha256:2fcd2cf20f634ccdb41efac44048b204bfc867c115641f37a7420693ed480a18"
url = "https://github.com/wagoodman/dive/releases/download/v0.13.1/dive_0.13.1_linux_arm64.tar.gz"

[tools.dive."platforms.linux-x64"]
checksum = "sha256:0970549eb4a306f8825a84145a2534153badb4d7dcf3febd1967c706367c3d0e"
url = "https://github.com/wagoodman/dive/releases/download/v0.13.1/dive_0.13.1_linux_amd64.tar.gz"

[tools.dive."platforms.linux-x64-musl"]
checksum = "sha256:0970549eb4a306f8825a84145a2534153badb4d7dcf3febd1967c706367c3d0e"
url = "https://github.com/wagoodman/dive/releases/download/v0.13.1/dive_0.13.1_linux_amd64.tar.gz"

[tools.dive."platforms.macos-arm64"]
checksum = "sha256:38b7fa95a13e7f4d0b3060c875fe7427c2a0613ecff674bb45156eb34bca0b09"
url = "https://github.com/wagoodman/dive/releases/download/v0.13.1/dive_0.13.1_darwin_arm64.tar.gz"

[tools.dive."platforms.macos-x64"]
checksum = "sha256:04e4c1bac21be3aef99799cf0e470149a072ea4786be50718aa846cd13746523"
url = "https://github.com/wagoodman/dive/releases/download/v0.13.1/dive_0.13.1_darwin_amd64.tar.gz"

[tools.dive."platforms.windows-x64"]
checksum = "sha256:3e764ff28c7b89f4da679deac80483249fbbae3a1d512c103d54609eec09086a"
url = "https://github.com/wagoodman/dive/releases/download/v0.13.1/dive_0.13.1_windows_amd64.zip"

[[tools.lefthook]]
version = "2.1.5"
backend = "aqua:evilmartians/lefthook"

[tools.lefthook."platforms.linux-arm64"]
checksum = "sha256:0823d67541e34d4530d678a9492dba8e1edcfc19cbdbc6d28014cb97a8522c36"
url = "https://github.com/evilmartians/lefthook/releases/download/v2.1.5/lefthook_2.1.5_Linux_aarch64.gz"
provenance = "github-attestations"

[tools.lefthook."platforms.linux-arm64-musl"]
checksum = "sha256:0823d67541e34d4530d678a9492dba8e1edcfc19cbdbc6d28014cb97a8522c36"
url = "https://github.com/evilmartians/lefthook/releases/download/v2.1.5/lefthook_2.1.5_Linux_aarch64.gz"
provenance = "github-attestations"

[tools.lefthook."platforms.linux-x64"]
checksum = "sha256:0faf5a547afbcedc3f2e9bef46053a73bcbfc2478e47d39bde30784e08f97190"
url = "https://github.com/evilmartians/lefthook/releases/download/v2.1.5/lefthook_2.1.5_Linux_x86_64.gz"
provenance = "github-attestations"

[tools.lefthook."platforms.linux-x64-musl"]
checksum = "sha256:0faf5a547afbcedc3f2e9bef46053a73bcbfc2478e47d39bde30784e08f97190"
url = "https://github.com/evilmartians/lefthook/releases/download/v2.1.5/lefthook_2.1.5_Linux_x86_64.gz"
provenance = "github-attestations"

[tools.lefthook."platforms.macos-arm64"]
checksum = "sha256:f3aeef5fc287c6619a2f043ce3199e514bfc0639739be393a3759dd4470ee292"
url = "https://github.com/evilmartians/lefthook/releases/download/v2.1.5/lefthook_2.1.5_MacOS_arm64.gz"
provenance = "github-attestations"

[tools.lefthook."platforms.macos-x64"]
checksum = "sha256:27e48734de8f632e64fff07e8ae9f82514713b9f77e7bf91d8925ef1ea59a901"
url = "https://github.com/evilmartians/lefthook/releases/download/v2.1.5/lefthook_2.1.5_MacOS_x86_64.gz"
provenance = "github-attestations"

[tools.lefthook."platforms.windows-x64"]
checksum = "sha256:bf14d028984d24a72887f4f73d8899f5879c11786f4ba79a81c676fb3cefce1e"
url = "https://github.com/evilmartians/lefthook/releases/download/v2.1.5/lefthook_2.1.5_Windows_x86_64.gz"
provenance = "github-attestations"

[[tools."pipx:aiautocommit"]]
version = "0.20.0"
backend = "pipx:aiautocommit"

[[tools."pipx:jc"]]
version = "1.25.6"
backend = "pipx:jc"

[[tools."pipx:llm-ide-rules"]]
version = "0.12.0"
backend = "pipx:llm-ide-rules"

[[tools."pipx:uv-development-toggle"]]
version = "0.6.4"
backend = "pipx:uv-development-toggle"
