# @generated - this file is auto-generated by `mise lock` https://mise.jdx.dev/dev-tools/mise-lock.html

lockfile_version = 2

[[tools.1password-cli]]
version = "2.40.0"
backend = "vfox:1password-cli"
specifiers = ["latest"]

[tools.1password-cli."platforms.linux-arm64"]
url = "https://cache.agilebits.com/dist/1P/op2/pkg/v2.40.0/op_linux_arm64_v2.40.0.zip"

[tools.1password-cli."platforms.linux-arm64-musl"]
url = "https://cache.agilebits.com/dist/1P/op2/pkg/v2.40.0/op_linux_arm64_v2.40.0.zip"

[tools.1password-cli."platforms.linux-x64"]
url = "https://cache.agilebits.com/dist/1P/op2/pkg/v2.40.0/op_linux_amd64_v2.40.0.zip"

[tools.1password-cli."platforms.linux-x64-musl"]
url = "https://cache.agilebits.com/dist/1P/op2/pkg/v2.40.0/op_linux_amd64_v2.40.0.zip"

[tools.1password-cli."platforms.macos-arm64"]
url = "https://cache.agilebits.com/dist/1P/op2/pkg/v2.40.0/op_darwin_arm64_v2.40.0.zip"

[tools.1password-cli."platforms.macos-x64"]
url = "https://cache.agilebits.com/dist/1P/op2/pkg/v2.40.0/op_darwin_amd64_v2.40.0.zip"

[tools.1password-cli."platforms.windows-x64"]
url = "https://cache.agilebits.com/dist/1P/op2/pkg/v2.40.0/op_windows_amd64_v2.40.0.zip"

[[tools.dive]]
version = "0.13.1"
backend = "aqua:wagoodman/dive"
specifiers = ["latest"]

[tools.dive."platforms.linux-arm64"]
checksum = "sha256:2fcd2cf20f634ccdb41efac44048b204bfc867c115641f37a7420693ed480a18"
url = "https://github.com/wagoodman/dive/releases/download/v0.13.1/dive_0.13.1_linux_arm64.tar.gz"
url_api = "https://api.github.com/repos/wagoodman/dive/releases/assets/241842459"

[tools.dive."platforms.linux-arm64-musl"]
checksum = "sha256:2fcd2cf20f634ccdb41efac44048b204bfc867c115641f37a7420693ed480a18"
url = "https://github.com/wagoodman/dive/releases/download/v0.13.1/dive_0.13.1_linux_arm64.tar.gz"
url_api = "https://api.github.com/repos/wagoodman/dive/releases/assets/241842459"

[tools.dive."platforms.linux-x64"]
checksum = "sha256:0970549eb4a306f8825a84145a2534153badb4d7dcf3febd1967c706367c3d0e"
url = "https://github.com/wagoodman/dive/releases/download/v0.13.1/dive_0.13.1_linux_amd64.tar.gz"
url_api = "https://api.github.com/repos/wagoodman/dive/releases/assets/241842462"

[tools.dive."platforms.linux-x64-musl"]
checksum = "sha256:0970549eb4a306f8825a84145a2534153badb4d7dcf3febd1967c706367c3d0e"
url = "https://github.com/wagoodman/dive/releases/download/v0.13.1/dive_0.13.1_linux_amd64.tar.gz"
url_api = "https://api.github.com/repos/wagoodman/dive/releases/assets/241842462"

[tools.dive."platforms.macos-arm64"]
checksum = "sha256:38b7fa95a13e7f4d0b3060c875fe7427c2a0613ecff674bb45156eb34bca0b09"
url = "https://github.com/wagoodman/dive/releases/download/v0.13.1/dive_0.13.1_darwin_arm64.tar.gz"
url_api = "https://api.github.com/repos/wagoodman/dive/releases/assets/241842465"

[tools.dive."platforms.macos-x64"]
checksum = "sha256:04e4c1bac21be3aef99799cf0e470149a072ea4786be50718aa846cd13746523"
url = "https://github.com/wagoodman/dive/releases/download/v0.13.1/dive_0.13.1_darwin_amd64.tar.gz"
url_api = "https://api.github.com/repos/wagoodman/dive/releases/assets/241842456"

[tools.dive."platforms.windows-x64"]
checksum = "sha256:3e764ff28c7b89f4da679deac80483249fbbae3a1d512c103d54609eec09086a"
url = "https://github.com/wagoodman/dive/releases/download/v0.13.1/dive_0.13.1_windows_amd64.zip"
url_api = "https://api.github.com/repos/wagoodman/dive/releases/assets/241842460"

[[tools."github:terror/just-lsp"]]
version = "0.9.0"
backend = "github:terror/just-lsp"
specifiers = ["latest"]

[tools."github:terror/just-lsp"."platforms.linux-arm64"]
checksum = "sha256:d55934e447042a32c43d234768515552b1360b0b200bd430f9c6c1c6d8197ad6"
url = "https://github.com/terror/just-lsp/releases/download/0.9.0/just-lsp-0.9.0-aarch64-unknown-linux-gnu.tar.gz"
url_api = "https://api.github.com/repos/terror/just-lsp/releases/assets/570520746"

[tools."github:terror/just-lsp"."platforms.linux-arm64-musl"]
checksum = "sha256:ded12f92d8623256c2bad74f187164b8813a893321b3a23a9af142ce00e7b40a"
url = "https://github.com/terror/just-lsp/releases/download/0.9.0/just-lsp-0.9.0-aarch64-unknown-linux-musl.tar.gz"
url_api = "https://api.github.com/repos/terror/just-lsp/releases/assets/570520890"

[tools."github:terror/just-lsp"."platforms.linux-x64"]
checksum = "sha256:64e1557166bce29571751fda5ab637613b791ddcafd4fa12f24dd39fd003a121"
url = "https://github.com/terror/just-lsp/releases/download/0.9.0/just-lsp-0.9.0-x86_64-unknown-linux-gnu.tar.gz"
url_api = "https://api.github.com/repos/terror/just-lsp/releases/assets/570519460"

[tools."github:terror/just-lsp"."platforms.linux-x64-musl"]
checksum = "sha256:2c8e0fb2c81271f2227326c48dd6826dce0b2dd79cb3b662068634062524057c"
url = "https://github.com/terror/just-lsp/releases/download/0.9.0/just-lsp-0.9.0-x86_64-unknown-linux-musl.tar.gz"
url_api = "https://api.github.com/repos/terror/just-lsp/releases/assets/570521724"

[tools."github:terror/just-lsp"."platforms.macos-arm64"]
checksum = "sha256:64476a3d6a1e4adbea6f7980c455b07d517b341fada4040305fabd4d50b0b3da"
url = "https://github.com/terror/just-lsp/releases/download/0.9.0/just-lsp-0.9.0-aarch64-apple-darwin.tar.gz"
url_api = "https://api.github.com/repos/terror/just-lsp/releases/assets/570522418"

[tools."github:terror/just-lsp"."platforms.macos-x64"]
checksum = "sha256:f73c6058cf0095ad62dd0eeb440de5cd61147283cad5248c765f2120d549dbd2"
url = "https://github.com/terror/just-lsp/releases/download/0.9.0/just-lsp-0.9.0-x86_64-apple-darwin.tar.gz"
url_api = "https://api.github.com/repos/terror/just-lsp/releases/assets/570521263"

[tools."github:terror/just-lsp"."platforms.windows-x64"]
checksum = "sha256:8cbe8eae0bba3a378671ec13ea62c6aa01f4d4632856e0b66f9696234d290562"
url = "https://github.com/terror/just-lsp/releases/download/0.9.0/just-lsp-0.9.0-x86_64-pc-windows-msvc.zip"
url_api = "https://api.github.com/repos/terror/just-lsp/releases/assets/570524051"

[[tools.lefthook]]
version = "2.1.14"
backend = "aqua:evilmartians/lefthook"
specifiers = ["latest"]

[tools.lefthook."platforms.linux-arm64"]
checksum = "sha256:2fd4b1f33aab4e4c8691a1a6a750b0638a40bdef871234cacb33781615dbf7ba"
url = "https://github.com/evilmartians/lefthook/releases/download/v2.1.14/lefthook_2.1.14_Linux_aarch64.gz"
url_api = "https://api.github.com/repos/evilmartians/lefthook/releases/assets/563149908"
provenance = "github-attestations"

[tools.lefthook."platforms.linux-arm64-musl"]
checksum = "sha256:2fd4b1f33aab4e4c8691a1a6a750b0638a40bdef871234cacb33781615dbf7ba"
url = "https://github.com/evilmartians/lefthook/releases/download/v2.1.14/lefthook_2.1.14_Linux_aarch64.gz"
url_api = "https://api.github.com/repos/evilmartians/lefthook/releases/assets/563149908"
provenance = "github-attestations"

[tools.lefthook."platforms.linux-x64"]
checksum = "sha256:2be3187101b3a2edd5edf8b546aa2e3820531c517b4cd0216601a9c06f07c42d"
url = "https://github.com/evilmartians/lefthook/releases/download/v2.1.14/lefthook_2.1.14_Linux_x86_64.gz"
url_api = "https://api.github.com/repos/evilmartians/lefthook/releases/assets/563149839"
provenance = "github-attestations"

[tools.lefthook."platforms.linux-x64-musl"]
checksum = "sha256:2be3187101b3a2edd5edf8b546aa2e3820531c517b4cd0216601a9c06f07c42d"
url = "https://github.com/evilmartians/lefthook/releases/download/v2.1.14/lefthook_2.1.14_Linux_x86_64.gz"
url_api = "https://api.github.com/repos/evilmartians/lefthook/releases/assets/563149839"
provenance = "github-attestations"

[tools.lefthook."platforms.macos-arm64"]
checksum = "sha256:398e6a23dfe2de3fc113e091dd4b592795cc8f1665acf5501856858b8056d686"
url = "https://github.com/evilmartians/lefthook/releases/download/v2.1.14/lefthook_2.1.14_MacOS_arm64.gz"
url_api = "https://api.github.com/repos/evilmartians/lefthook/releases/assets/563149840"
provenance = "github-attestations"

[tools.lefthook."platforms.macos-x64"]
checksum = "sha256:9e304cad12b3785bf45ba6085fa6a91ed45f6ff6e7dabd50cb6834959caef06a"
url = "https://github.com/evilmartians/lefthook/releases/download/v2.1.14/lefthook_2.1.14_MacOS_x86_64.gz"
url_api = "https://api.github.com/repos/evilmartians/lefthook/releases/assets/563149898"
provenance = "github-attestations"

[tools.lefthook."platforms.windows-x64"]
checksum = "sha256:61a0f47c75c741fa2788aff55f85dfa0a34307257b176cb6b20fd821ae030454"
url = "https://github.com/evilmartians/lefthook/releases/download/v2.1.14/lefthook_2.1.14_Windows_x86_64.gz"
url_api = "https://api.github.com/repos/evilmartians/lefthook/releases/assets/563149872"
provenance = "github-attestations"

[[tools."pypi:aiautocommit"]]
version = "0.28.1"
backend = "pypi:aiautocommit"
specifiers = ["latest"]
uv = { path = "mise/locks/mise.extras/pypi-aiautocommit/0.28.1", digest = "sha256:4a44a5f248cbc37aa21bebeb53a65ae8bf58fa14ca35addb67271c8d23544a85" }

[[tools."pypi:jc"]]
version = "1.26.0"
backend = "pypi:jc"
specifiers = ["latest"]
uv = { path = "mise/locks/mise.extras/pypi-jc/1.26.0", digest = "sha256:f29cb42d763dd0caccc3381186bf2bc3b6c7372f308009e453e4f31659f6f0e2" }

[[tools."pypi:llm-ide-rules"]]
version = "0.20.1"
backend = "pypi:llm-ide-rules"
specifiers = ["latest"]
uv = { path = "mise/locks/mise.extras/pypi-llm-ide-rules/0.20.1", digest = "sha256:39a8f1ebd5bab81c71bad03daed2fa5b1a6cc3633060bd4c6870408cdde0fcca" }

[[tools."pypi:uv-development-toggle"]]
version = "0.7.0"
backend = "pypi:uv-development-toggle"
specifiers = ["latest"]
uv = { path = "mise/locks/mise.extras/pypi-uv-development-toggle/0.7.0", digest = "sha256:ea46a77126c7f37e266c86b161e98c43536c16c47a32d92a7b675c303d1aadcb" }
