# @generated - this file is auto-generated by `mise lock` https://mise.en.dev/dev-tools/mise-lock.html

[[tools."cargo:ast-grep"]]
version = "0.44.0"
backend = "cargo:ast-grep"

[[tools.direnv]]
version = "2.37.1"
backend = "asdf:direnv"

[[tools.fd]]
version = "10.4.2"
backend = "aqua:sharkdp/fd"

[tools.fd."platforms.linux-arm64"]
checksum = "sha256:f32d3657473fba74e2600babc8db0b93420d51169223b7e8143b2ed55d8fd9e8"
url = "https://github.com/sharkdp/fd/releases/download/v10.4.2/fd-v10.4.2-aarch64-unknown-linux-musl.tar.gz"
url_api = "https://api.github.com/repos/sharkdp/fd/releases/assets/370662859"

[tools.fd."platforms.linux-arm64-musl"]
checksum = "sha256:f32d3657473fba74e2600babc8db0b93420d51169223b7e8143b2ed55d8fd9e8"
url = "https://github.com/sharkdp/fd/releases/download/v10.4.2/fd-v10.4.2-aarch64-unknown-linux-musl.tar.gz"
url_api = "https://api.github.com/repos/sharkdp/fd/releases/assets/370662859"

[tools.fd."platforms.linux-x64"]
checksum = "sha256:e3257d48e29a6be965187dbd24ce9af564e0fe67b3e73c9bdcd180f4ec11bdde"
url = "https://github.com/sharkdp/fd/releases/download/v10.4.2/fd-v10.4.2-x86_64-unknown-linux-musl.tar.gz"
url_api = "https://api.github.com/repos/sharkdp/fd/releases/assets/370662855"

[tools.fd."platforms.linux-x64-musl"]
checksum = "sha256:e3257d48e29a6be965187dbd24ce9af564e0fe67b3e73c9bdcd180f4ec11bdde"
url = "https://github.com/sharkdp/fd/releases/download/v10.4.2/fd-v10.4.2-x86_64-unknown-linux-musl.tar.gz"
url_api = "https://api.github.com/repos/sharkdp/fd/releases/assets/370662855"

[tools.fd."platforms.macos-arm64"]
checksum = "sha256:623dc0afc81b92e4d4606b380d7bc91916ba7b97814263e554d50923a39e480a"
url = "https://github.com/sharkdp/fd/releases/download/v10.4.2/fd-v10.4.2-aarch64-apple-darwin.tar.gz"
url_api = "https://api.github.com/repos/sharkdp/fd/releases/assets/370661116"

[tools.fd."platforms.windows-x64"]
checksum = "sha256:b2816e506390a89941c63c9187d58a3cc10e9a55f2ef0685f9ea0eccaf7c98c8"
url = "https://github.com/sharkdp/fd/releases/download/v10.4.2/fd-v10.4.2-x86_64-pc-windows-msvc.zip"
url_api = "https://api.github.com/repos/sharkdp/fd/releases/assets/370661516"

[[tools."github:casey/just"]]
version = "1.54.0"
backend = "github:casey/just"

[tools."github:casey/just"."platforms.linux-arm64"]
checksum = "sha256:2162accb54d087c6fbd165c1baedccb0f93b4953af7f00309b8f928016c49cae"
url = "https://github.com/casey/just/releases/download/1.54.0/just-1.54.0-aarch64-unknown-linux-musl.tar.gz"
url_api = "https://api.github.com/repos/casey/just/releases/assets/455265383"

[tools."github:casey/just"."platforms.linux-arm64-musl"]
checksum = "sha256:2162accb54d087c6fbd165c1baedccb0f93b4953af7f00309b8f928016c49cae"
url = "https://github.com/casey/just/releases/download/1.54.0/just-1.54.0-aarch64-unknown-linux-musl.tar.gz"
url_api = "https://api.github.com/repos/casey/just/releases/assets/455265383"

[tools."github:casey/just"."platforms.linux-x64"]
checksum = "sha256:193e2b04bac8ff3568ff81cf62f8c9db08f8083e16665e28d400dd35bac47ffd"
url = "https://github.com/casey/just/releases/download/1.54.0/just-1.54.0-x86_64-unknown-linux-musl.tar.gz"
url_api = "https://api.github.com/repos/casey/just/releases/assets/455265415"

[tools."github:casey/just"."platforms.linux-x64-musl"]
checksum = "sha256:193e2b04bac8ff3568ff81cf62f8c9db08f8083e16665e28d400dd35bac47ffd"
url = "https://github.com/casey/just/releases/download/1.54.0/just-1.54.0-x86_64-unknown-linux-musl.tar.gz"
url_api = "https://api.github.com/repos/casey/just/releases/assets/455265415"

[tools."github:casey/just"."platforms.macos-arm64"]
checksum = "sha256:a776fc5015491f84580875bc6dad3de59fa4f47a309ccac49d1287cb55f9b599"
url = "https://github.com/casey/just/releases/download/1.54.0/just-1.54.0-aarch64-apple-darwin.tar.gz"
url_api = "https://api.github.com/repos/casey/just/releases/assets/455265130"

[tools."github:casey/just"."platforms.macos-x64"]
checksum = "sha256:3f1adefef12bcdf99134a44bde53b779e83726381e15de92113ce4bf2a3cf61f"
url = "https://github.com/casey/just/releases/download/1.54.0/just-1.54.0-x86_64-apple-darwin.tar.gz"
url_api = "https://api.github.com/repos/casey/just/releases/assets/455265068"

[tools."github:casey/just"."platforms.windows-x64"]
checksum = "sha256:860e21474e956eaa9879d62f68cc24530254eefe14ac108eaf707c0daf56a6d0"
url = "https://github.com/casey/just/releases/download/1.54.0/just-1.54.0-x86_64-pc-windows-msvc.zip"
url_api = "https://api.github.com/repos/casey/just/releases/assets/455266503"

[[tools."github:chmln/sd"]]
version = "1.1.0"
backend = "github:chmln/sd"

[tools."github:chmln/sd"."platforms.linux-arm64"]
checksum = "sha256:ec8c93c0533ff21f4851d11566808d4082544baf063d9b96ea77c27e98b7cd99"
url = "https://github.com/chmln/sd/releases/download/v1.1.0/sd-v1.1.0-aarch64-unknown-linux-musl.tar.gz"
url_api = "https://api.github.com/repos/chmln/sd/releases/assets/362325535"

[tools."github:chmln/sd"."platforms.linux-arm64-musl"]
checksum = "sha256:ec8c93c0533ff21f4851d11566808d4082544baf063d9b96ea77c27e98b7cd99"
url = "https://github.com/chmln/sd/releases/download/v1.1.0/sd-v1.1.0-aarch64-unknown-linux-musl.tar.gz"
url_api = "https://api.github.com/repos/chmln/sd/releases/assets/362325535"

[tools."github:chmln/sd"."platforms.linux-x64"]
checksum = "sha256:3613eca74cd686739bb5a6d68319aa56c747e7315274d02323a2ca2b1c5d82d2"
url = "https://github.com/chmln/sd/releases/download/v1.1.0/sd-v1.1.0-x86_64-unknown-linux-gnu.tar.gz"
url_api = "https://api.github.com/repos/chmln/sd/releases/assets/362325296"

[tools."github:chmln/sd"."platforms.linux-x64-musl"]
checksum = "sha256:02f00f4777d43e8e95b7b8d49e1a0d6e502fed4b8e79c1c8b8063857a30caa2e"
url = "https://github.com/chmln/sd/releases/download/v1.1.0/sd-v1.1.0-x86_64-unknown-linux-musl.tar.gz"
url_api = "https://api.github.com/repos/chmln/sd/releases/assets/362325321"

[tools."github:chmln/sd"."platforms.macos-arm64"]
checksum = "sha256:4bd3c09226376ca0a1d69589c91e86276fae36c5fbaaee669afce583f6682030"
url = "https://github.com/chmln/sd/releases/download/v1.1.0/sd-v1.1.0-aarch64-apple-darwin.tar.gz"
url_api = "https://api.github.com/repos/chmln/sd/releases/assets/362325451"

[tools."github:chmln/sd"."platforms.macos-x64"]
checksum = "sha256:1fca1e9c91813a8aac6821063c923107ba0f66a83309e095edcd3b202f67f97e"
url = "https://github.com/chmln/sd/releases/download/v1.1.0/sd-v1.1.0-x86_64-apple-darwin.tar.gz"
url_api = "https://api.github.com/repos/chmln/sd/releases/assets/362325430"

[tools."github:chmln/sd"."platforms.windows-x64"]
checksum = "sha256:59837c2e7c911099aca1cc46b663bcdc5a949fd3e9fbbaf34fc73e5d5d71007c"
url = "https://github.com/chmln/sd/releases/download/v1.1.0/sd-v1.1.0-x86_64-pc-windows-msvc.zip"
url_api = "https://api.github.com/repos/chmln/sd/releases/assets/362325573"

[[tools."github:gitleaks/gitleaks"]]
version = "8.30.1"
backend = "github:gitleaks/gitleaks"

[tools."github:gitleaks/gitleaks"."platforms.linux-arm64"]
checksum = "sha256:e4a487ee7ccd7d3a7f7ec08657610aa3606637dab924210b3aee62570fb4b080"
url = "https://github.com/gitleaks/gitleaks/releases/download/v8.30.1/gitleaks_8.30.1_linux_arm64.tar.gz"
url_api = "https://api.github.com/repos/gitleaks/gitleaks/releases/assets/378332057"

[tools."github:gitleaks/gitleaks"."platforms.linux-arm64-musl"]
checksum = "sha256:e4a487ee7ccd7d3a7f7ec08657610aa3606637dab924210b3aee62570fb4b080"
url = "https://github.com/gitleaks/gitleaks/releases/download/v8.30.1/gitleaks_8.30.1_linux_arm64.tar.gz"
url_api = "https://api.github.com/repos/gitleaks/gitleaks/releases/assets/378332057"

[tools."github:gitleaks/gitleaks"."platforms.linux-x64"]
checksum = "sha256:551f6fc83ea457d62a0d98237cbad105af8d557003051f41f3e7ca7b3f2470eb"
url = "https://github.com/gitleaks/gitleaks/releases/download/v8.30.1/gitleaks_8.30.1_linux_x64.tar.gz"
url_api = "https://api.github.com/repos/gitleaks/gitleaks/releases/assets/378332058"

[tools."github:gitleaks/gitleaks"."platforms.linux-x64-musl"]
checksum = "sha256:551f6fc83ea457d62a0d98237cbad105af8d557003051f41f3e7ca7b3f2470eb"
url = "https://github.com/gitleaks/gitleaks/releases/download/v8.30.1/gitleaks_8.30.1_linux_x64.tar.gz"
url_api = "https://api.github.com/repos/gitleaks/gitleaks/releases/assets/378332058"

[tools."github:gitleaks/gitleaks"."platforms.macos-arm64"]
checksum = "sha256:b40ab0ae55c505963e365f271a8d3846efbc170aa17f2607f13df610a9aeb6a5"
url = "https://github.com/gitleaks/gitleaks/releases/download/v8.30.1/gitleaks_8.30.1_darwin_arm64.tar.gz"
url_api = "https://api.github.com/repos/gitleaks/gitleaks/releases/assets/378332059"

[tools."github:gitleaks/gitleaks"."platforms.macos-x64"]
checksum = "sha256:dfe101a4db2255fc85120ac7f3d25e4342c3c20cf749f2c20a18081af1952709"
url = "https://github.com/gitleaks/gitleaks/releases/download/v8.30.1/gitleaks_8.30.1_darwin_x64.tar.gz"
url_api = "https://api.github.com/repos/gitleaks/gitleaks/releases/assets/378332053"

[tools."github:gitleaks/gitleaks"."platforms.windows-x64"]
checksum = "sha256:d29144deff3a68aa93ced33dddf84b7fdc26070add4aa0f4513094c8332afc4e"
url = "https://github.com/gitleaks/gitleaks/releases/download/v8.30.1/gitleaks_8.30.1_windows_x64.zip"
url_api = "https://api.github.com/repos/gitleaks/gitleaks/releases/assets/378333178"

[[tools."github:peterldowns/localias"]]
version = "3.0.0+commit.5d74685"
backend = "github:peterldowns/localias"

[tools."github:peterldowns/localias"."platforms.linux-arm64"]
checksum = "sha256:9dc69245b8ec8ed7e7b98b8a1019b03ff3ba74afddb4d769d4e604a66eab094d"
url = "https://github.com/peterldowns/localias/releases/download/v3.0.0%2Bcommit.5d74685/localias-linux-arm64"
url_api = "https://api.github.com/repos/peterldowns/localias/releases/assets/277499122"

[tools."github:peterldowns/localias"."platforms.linux-arm64-musl"]
checksum = "sha256:9dc69245b8ec8ed7e7b98b8a1019b03ff3ba74afddb4d769d4e604a66eab094d"
url = "https://github.com/peterldowns/localias/releases/download/v3.0.0%2Bcommit.5d74685/localias-linux-arm64"
url_api = "https://api.github.com/repos/peterldowns/localias/releases/assets/277499122"

[tools."github:peterldowns/localias"."platforms.linux-x64"]
checksum = "sha256:7155f30f1f00d591cdb30428ef2969d690c2dc748ba44d7e70a1a53ae00e4bb2"
url = "https://github.com/peterldowns/localias/releases/download/v3.0.0%2Bcommit.5d74685/localias-linux-amd64"
url_api = "https://api.github.com/repos/peterldowns/localias/releases/assets/277499181"

[tools."github:peterldowns/localias"."platforms.linux-x64-musl"]
checksum = "sha256:7155f30f1f00d591cdb30428ef2969d690c2dc748ba44d7e70a1a53ae00e4bb2"
url = "https://github.com/peterldowns/localias/releases/download/v3.0.0%2Bcommit.5d74685/localias-linux-amd64"
url_api = "https://api.github.com/repos/peterldowns/localias/releases/assets/277499181"

[tools."github:peterldowns/localias"."platforms.macos-arm64"]
checksum = "sha256:63d14ed513023fca8d16049f9fb45a9dea75616af986fa0d0d7c245d10926ed3"
url = "https://github.com/peterldowns/localias/releases/download/v3.0.0%2Bcommit.5d74685/localias-darwin-arm64"
url_api = "https://api.github.com/repos/peterldowns/localias/releases/assets/277499108"

[tools."github:peterldowns/localias"."platforms.macos-x64"]
checksum = "sha256:3663f724c752bca5deb2d31798c7e33f94a4027e8aca10c25a56312353d573f2"
url = "https://github.com/peterldowns/localias/releases/download/v3.0.0%2Bcommit.5d74685/localias-darwin-amd64"
url_api = "https://api.github.com/repos/peterldowns/localias/releases/assets/277499098"

[[tools.jq]]
version = "1.8.2"
backend = "aqua:jqlang/jq"

[tools.jq."platforms.linux-arm64"]
checksum = "sha256:8b85c817833814ddca00a144c33705546355afccf0cf39b188f3cdb48b852309"
url = "https://github.com/jqlang/jq/releases/download/jq-1.8.2/jq-linux-arm64"
url_api = "https://api.github.com/repos/jqlang/jq/releases/assets/453012756"
provenance = "github-attestations"

[tools.jq."platforms.linux-arm64-musl"]
checksum = "sha256:8b85c817833814ddca00a144c33705546355afccf0cf39b188f3cdb48b852309"
url = "https://github.com/jqlang/jq/releases/download/jq-1.8.2/jq-linux-arm64"
url_api = "https://api.github.com/repos/jqlang/jq/releases/assets/453012756"
provenance = "github-attestations"

[tools.jq."platforms.linux-x64"]
checksum = "sha256:b1c22172dd303f3be49e935aa56aa48a8b7a46e0bc838b4997d3bb451495870f"
url = "https://github.com/jqlang/jq/releases/download/jq-1.8.2/jq-linux-amd64"
url_api = "https://api.github.com/repos/jqlang/jq/releases/assets/453012752"
provenance = "github-attestations"

[tools.jq."platforms.linux-x64-musl"]
checksum = "sha256:b1c22172dd303f3be49e935aa56aa48a8b7a46e0bc838b4997d3bb451495870f"
url = "https://github.com/jqlang/jq/releases/download/jq-1.8.2/jq-linux-amd64"
url_api = "https://api.github.com/repos/jqlang/jq/releases/assets/453012752"
provenance = "github-attestations"

[tools.jq."platforms.macos-arm64"]
checksum = "sha256:2d75340ba57a4b4b4c8708a21c2dc8e958a48aaa8bba13b27f77f6e4c0eca07e"
url = "https://github.com/jqlang/jq/releases/download/jq-1.8.2/jq-macos-arm64"
url_api = "https://api.github.com/repos/jqlang/jq/releases/assets/453012783"
provenance = "github-attestations"

[tools.jq."platforms.macos-x64"]
checksum = "sha256:e94b266e3c26690550006abe63152b782280f4e14374accdf04cbde844f00bc0"
url = "https://github.com/jqlang/jq/releases/download/jq-1.8.2/jq-macos-amd64"
url_api = "https://api.github.com/repos/jqlang/jq/releases/assets/453012782"
provenance = "github-attestations"

[tools.jq."platforms.windows-x64"]
checksum = "sha256:a6fc67fedaf9128a3309a1e2ebb8b986aeccf70122ee46d2cb4849e423f0c627"
url = "https://github.com/jqlang/jq/releases/download/jq-1.8.2/jq-windows-amd64.exe"
url_api = "https://api.github.com/repos/jqlang/jq/releases/assets/453012788"
provenance = "github-attestations"

[[tools.mprocs]]
version = "0.9.6"
backend = "aqua:pvolok/mprocs"

[tools.mprocs."platforms.linux-arm64"]
checksum = "sha256:ebe73f04e02e2134df463c8f0a0e1c293aa3b41dd7909180687529b21780adb0"
url = "https://github.com/pvolok/dekit/releases/download/v0.9.6/mprocs-0.9.6-linux-aarch64-musl.tar.gz"
url_api = "https://api.github.com/repos/pvolok/dekit/releases/assets/440298023"

[tools.mprocs."platforms.linux-arm64-musl"]
checksum = "sha256:ebe73f04e02e2134df463c8f0a0e1c293aa3b41dd7909180687529b21780adb0"
url = "https://github.com/pvolok/dekit/releases/download/v0.9.6/mprocs-0.9.6-linux-aarch64-musl.tar.gz"
url_api = "https://api.github.com/repos/pvolok/dekit/releases/assets/440298023"

[tools.mprocs."platforms.linux-x64"]
checksum = "sha256:52591a9aab797a5e164fa37a5f81b516fa3c25f125b59a60724e38ae98bfe77b"
url = "https://github.com/pvolok/dekit/releases/download/v0.9.6/mprocs-0.9.6-linux-x86_64-musl.tar.gz"
url_api = "https://api.github.com/repos/pvolok/dekit/releases/assets/440298026"

[tools.mprocs."platforms.linux-x64-musl"]
checksum = "sha256:52591a9aab797a5e164fa37a5f81b516fa3c25f125b59a60724e38ae98bfe77b"
url = "https://github.com/pvolok/dekit/releases/download/v0.9.6/mprocs-0.9.6-linux-x86_64-musl.tar.gz"
url_api = "https://api.github.com/repos/pvolok/dekit/releases/assets/440298026"

[tools.mprocs."platforms.macos-arm64"]
checksum = "sha256:6b557dc4d446009105f2ae1a33206f54f97cea72f9674af513a7279572350641"
url = "https://github.com/pvolok/dekit/releases/download/v0.9.6/mprocs-0.9.6-darwin-aarch64.tar.gz"
url_api = "https://api.github.com/repos/pvolok/dekit/releases/assets/440298011"

[tools.mprocs."platforms.macos-x64"]
checksum = "sha256:51c3b363d5a2d32ae50a5307954b8d5aa336379aa986be580e9fe27682392545"
url = "https://github.com/pvolok/dekit/releases/download/v0.9.6/mprocs-0.9.6-darwin-x86_64.tar.gz"
url_api = "https://api.github.com/repos/pvolok/dekit/releases/assets/440298019"

[tools.mprocs."platforms.windows-x64"]
checksum = "sha256:9dc6e49ef47c7aa2e6a2844503d6cfa34e51a4d15dd78abef6e6de2fc10e5765"
url = "https://github.com/pvolok/dekit/releases/download/v0.9.6/mprocs-0.9.6-windows-x86_64.zip"
url_api = "https://api.github.com/repos/pvolok/dekit/releases/assets/440298377"

[[tools.watchexec]]
version = "2.5.1"
backend = "aqua:watchexec/watchexec"

[tools.watchexec."platforms.linux-arm64"]
checksum = "sha256:c073887583d502fa0b393a8b847bb4460a111b3b0a199d1f70dafd5d89e71a2f"
url = "https://github.com/watchexec/watchexec/releases/download/v2.5.1/watchexec-2.5.1-aarch64-unknown-linux-musl.tar.xz"
url_api = "https://api.github.com/repos/watchexec/watchexec/releases/assets/384489962"

[tools.watchexec."platforms.linux-arm64-musl"]
checksum = "sha256:c073887583d502fa0b393a8b847bb4460a111b3b0a199d1f70dafd5d89e71a2f"
url = "https://github.com/watchexec/watchexec/releases/download/v2.5.1/watchexec-2.5.1-aarch64-unknown-linux-musl.tar.xz"
url_api = "https://api.github.com/repos/watchexec/watchexec/releases/assets/384489962"

[tools.watchexec."platforms.linux-x64"]
checksum = "sha256:9efabd08de720c1ee7e57b487fe11904f0966828e76146e2b5ea5deee90626be"
url = "https://github.com/watchexec/watchexec/releases/download/v2.5.1/watchexec-2.5.1-x86_64-unknown-linux-musl.tar.xz"
url_api = "https://api.github.com/repos/watchexec/watchexec/releases/assets/384489936"

[tools.watchexec."platforms.linux-x64-musl"]
checksum = "sha256:9efabd08de720c1ee7e57b487fe11904f0966828e76146e2b5ea5deee90626be"
url = "https://github.com/watchexec/watchexec/releases/download/v2.5.1/watchexec-2.5.1-x86_64-unknown-linux-musl.tar.xz"
url_api = "https://api.github.com/repos/watchexec/watchexec/releases/assets/384489936"

[tools.watchexec."platforms.macos-arm64"]
checksum = "sha256:c5e405dd1109940b2510398d2182990c1be59063b94e11d7ace9c7b435cb1df1"
url = "https://github.com/watchexec/watchexec/releases/download/v2.5.1/watchexec-2.5.1-aarch64-apple-darwin.tar.xz"
url_api = "https://api.github.com/repos/watchexec/watchexec/releases/assets/384489930"

[tools.watchexec."platforms.macos-x64"]
checksum = "sha256:bb74bf33286ff7f31dd8e763e017fbc0418360d88baefd35bc57d662d28394e2"
url = "https://github.com/watchexec/watchexec/releases/download/v2.5.1/watchexec-2.5.1-x86_64-apple-darwin.tar.xz"
url_api = "https://api.github.com/repos/watchexec/watchexec/releases/assets/384489931"

[tools.watchexec."platforms.windows-x64"]
checksum = "sha256:aa448c2704ca1a37ce0f1fc75381d9a411946dd293cf6236293f549426a577f7"
url = "https://github.com/watchexec/watchexec/releases/download/v2.5.1/watchexec-2.5.1-x86_64-pc-windows-msvc.zip"
url_api = "https://api.github.com/repos/watchexec/watchexec/releases/assets/384489949"

[[tools.yq]]
version = "4.53.3"
backend = "aqua:mikefarah/yq"

[tools.yq."platforms.linux-arm64"]
checksum = "sha256:578648e463a11c1b6db6010cbf41eafed6bee79466fcffa1bb446672cf7945ea"
url = "https://github.com/mikefarah/yq/releases/download/v4.53.3/yq_linux_arm64"
url_api = "https://api.github.com/repos/mikefarah/yq/releases/assets/440146727"
provenance = "cosign"

[tools.yq."platforms.linux-arm64-musl"]
checksum = "sha256:578648e463a11c1b6db6010cbf41eafed6bee79466fcffa1bb446672cf7945ea"
url = "https://github.com/mikefarah/yq/releases/download/v4.53.3/yq_linux_arm64"
url_api = "https://api.github.com/repos/mikefarah/yq/releases/assets/440146727"
provenance = "cosign"

[tools.yq."platforms.linux-x64"]
checksum = "sha256:fa52a4e758c63d38299163fbdd1edfb4c4963247918bf9c1c5d31d84789eded4"
url = "https://github.com/mikefarah/yq/releases/download/v4.53.3/yq_linux_amd64"
url_api = "https://api.github.com/repos/mikefarah/yq/releases/assets/440146735"
provenance = "cosign"

[tools.yq."platforms.linux-x64-musl"]
checksum = "sha256:fa52a4e758c63d38299163fbdd1edfb4c4963247918bf9c1c5d31d84789eded4"
url = "https://github.com/mikefarah/yq/releases/download/v4.53.3/yq_linux_amd64"
url_api = "https://api.github.com/repos/mikefarah/yq/releases/assets/440146735"
provenance = "cosign"

[tools.yq."platforms.macos-arm64"]
checksum = "sha256:b4ba1ecce3c47f00803f4f964de38394326c7a32eb6540616e04fb2935a0f08d"
url = "https://github.com/mikefarah/yq/releases/download/v4.53.3/yq_darwin_amd64"
url_api = "https://api.github.com/repos/mikefarah/yq/releases/assets/440146744"
provenance = "cosign"

[tools.yq."platforms.macos-x64"]
checksum = "sha256:b4ba1ecce3c47f00803f4f964de38394326c7a32eb6540616e04fb2935a0f08d"
url = "https://github.com/mikefarah/yq/releases/download/v4.53.3/yq_darwin_amd64"
url_api = "https://api.github.com/repos/mikefarah/yq/releases/assets/440146744"
provenance = "cosign"

[tools.yq."platforms.windows-x64"]
checksum = "sha256:e279bc506a452eeafcdf364f91a025455e402a8001169083caf01f4b64a544e2"
url = "https://github.com/mikefarah/yq/releases/download/v4.53.3/yq_windows_amd64.exe"
url_api = "https://api.github.com/repos/mikefarah/yq/releases/assets/440146721"
provenance = "cosign"
