# @generated - this file is auto-generated by `mise lock` https://mise.en.dev/dev-tools/mise-lock.html

[[tools.node]]
version = "24.15.0"
backend = "core:node"

[tools.node."platforms.linux-arm64"]
checksum = "sha256:73afc234d558c24919875f51c2d1ea002a2ada4ea6f83601a383869fefa64eed"
url = "https://nodejs.org/dist/v24.15.0/node-v24.15.0-linux-arm64.tar.gz"

[tools.node."platforms.linux-arm64-musl"]
checksum = "sha256:31e98aa960a067da91edffd5d93bc46657b5d2a8029612c359f5f2ac0060152a"
url = "https://unofficial-builds.nodejs.org/download/release/v24.15.0/node-v24.15.0-linux-arm64-musl.tar.gz"

[tools.node."platforms.linux-x64"]
checksum = "sha256:44836872d9aec49f1e6b52a9a922872db9a2b02d235a616a5681b6a85fec8d89"
url = "https://nodejs.org/dist/v24.15.0/node-v24.15.0-linux-x64.tar.gz"

[tools.node."platforms.linux-x64-baseline"]
checksum = "sha256:44836872d9aec49f1e6b52a9a922872db9a2b02d235a616a5681b6a85fec8d89"
url = "https://nodejs.org/dist/v24.15.0/node-v24.15.0-linux-x64.tar.gz"

[tools.node."platforms.linux-x64-musl"]
checksum = "sha256:f55af5bd489c5347b113ca6594cae00a54b30ba57ac5875324311bfc6f4762e3"
url = "https://unofficial-builds.nodejs.org/download/release/v24.15.0/node-v24.15.0-linux-x64-musl.tar.gz"

[tools.node."platforms.linux-x64-musl-baseline"]
checksum = "sha256:f55af5bd489c5347b113ca6594cae00a54b30ba57ac5875324311bfc6f4762e3"
url = "https://unofficial-builds.nodejs.org/download/release/v24.15.0/node-v24.15.0-linux-x64-musl.tar.gz"

[tools.node."platforms.macos-arm64"]
checksum = "sha256:372331b969779ab5d15b949884fc6eaf88d5afe87bde8ba881d6400b9100ffc4"
url = "https://nodejs.org/dist/v24.15.0/node-v24.15.0-darwin-arm64.tar.gz"

[tools.node."platforms.macos-x64"]
checksum = "sha256:ffd5ee293467927f3ee731a553eb88fd1f48cf74eebc2d74a6babe4af228673b"
url = "https://nodejs.org/dist/v24.15.0/node-v24.15.0-darwin-x64.tar.gz"

[tools.node."platforms.macos-x64-baseline"]
checksum = "sha256:ffd5ee293467927f3ee731a553eb88fd1f48cf74eebc2d74a6babe4af228673b"
url = "https://nodejs.org/dist/v24.15.0/node-v24.15.0-darwin-x64.tar.gz"

[tools.node."platforms.windows-x64"]
checksum = "sha256:cc5149eabd53779ce1e7bdc5401643622d0c7e6800ade18928a767e940bb0e62"
url = "https://nodejs.org/dist/v24.15.0/node-v24.15.0-win-x64.zip"

[tools.node."platforms.windows-x64-baseline"]
checksum = "sha256:cc5149eabd53779ce1e7bdc5401643622d0c7e6800ade18928a767e940bb0e62"
url = "https://nodejs.org/dist/v24.15.0/node-v24.15.0-win-x64.zip"

[[tools.pnpm]]
version = "11.0.5"
backend = "aqua:pnpm/pnpm"

[tools.pnpm."platforms.linux-arm64"]
checksum = "sha256:bc7a40cc30bdb6bc4078dc97aa427f4e4f9898c8a38005ff39c1cdaa4191d9c4"
url = "https://github.com/pnpm/pnpm/releases/download/v11.0.5/pnpm-linux-arm64.tar.gz"

[tools.pnpm."platforms.linux-arm64-musl"]
checksum = "sha256:a17d6298fd021847d663fbe7c576d2a8d26523573ea2b53b5be9ae5302af9182"
url = "https://github.com/pnpm/pnpm/releases/download/v11.0.5/pnpm-linux-arm64-musl.tar.gz"

[tools.pnpm."platforms.linux-x64"]
checksum = "sha256:c1b55f53f5344cf0e26441d97b9ee2ee3b81791503c5cbd4bb93ae1898b8d211"
url = "https://github.com/pnpm/pnpm/releases/download/v11.0.5/pnpm-linux-x64.tar.gz"

[tools.pnpm."platforms.linux-x64-baseline"]
checksum = "sha256:c1b55f53f5344cf0e26441d97b9ee2ee3b81791503c5cbd4bb93ae1898b8d211"
url = "https://github.com/pnpm/pnpm/releases/download/v11.0.5/pnpm-linux-x64.tar.gz"

[tools.pnpm."platforms.linux-x64-musl"]
checksum = "sha256:8e073c9dd1a02096f55ee412abdc2ae131d72153c530436302e9d8ec33936ac2"
url = "https://github.com/pnpm/pnpm/releases/download/v11.0.5/pnpm-linux-x64-musl.tar.gz"

[tools.pnpm."platforms.linux-x64-musl-baseline"]
checksum = "sha256:8e073c9dd1a02096f55ee412abdc2ae131d72153c530436302e9d8ec33936ac2"
url = "https://github.com/pnpm/pnpm/releases/download/v11.0.5/pnpm-linux-x64-musl.tar.gz"

[tools.pnpm."platforms.macos-arm64"]
checksum = "sha256:24d412b2d137c6bc91e09c039b0e8ced6b5ac8f1dc9ea1881f0521cdb3bc5318"
url = "https://github.com/pnpm/pnpm/releases/download/v11.0.5/pnpm-darwin-arm64.tar.gz"

[tools.pnpm."platforms.windows-x64"]
checksum = "sha256:c79329a48a5e67bbbf73578fe0ddd5ff1fef05ed8c9ce43cfdc675d4d173fa3a"
url = "https://github.com/pnpm/pnpm/releases/download/v11.0.5/pnpm-win32-x64.zip"

[tools.pnpm."platforms.windows-x64-baseline"]
checksum = "sha256:c79329a48a5e67bbbf73578fe0ddd5ff1fef05ed8c9ce43cfdc675d4d173fa3a"
url = "https://github.com/pnpm/pnpm/releases/download/v11.0.5/pnpm-win32-x64.zip"
